
Microsoft Visual Studio Solution File, Format Version 12.00
# Visual Studio Version 17
VisualStudioVersion = 17.2.32630.192
MinimumVisualStudioVersion = 10.0.40219.1
Project("{9A19103F-16F7-4668-BE54-9A1E7A4F7556}") = "CalculatorClient", "CalculatorClient\CalculatorClient.csproj", "{BD05BDE6-9DC5-47EC-B0BD-41BD251D1BBF}"
EndProject
Global
	GlobalSection(SolutionConfigurationPlatforms) = preSolution
		Debug|Any CPU = Debug|Any CPU
		Release|Any CPU = Release|Any CPU
	EndGlobalSection
	GlobalSection(ProjectConfigurationPlatforms) = postSolution
		{BD05BDE6-9DC5-47EC-B0BD-41BD251D1BBF}.Debug|Any CPU.ActiveCfg = Debug|Any CPU
		{BD05BDE6-9DC5-47EC-B0BD-41BD251D1BBF}.Debug|Any CPU.Build.0 = Debug|Any CPU
		{BD05BDE6-9DC5-47EC-B0BD-41BD251D1BBF}.Release|Any CPU.ActiveCfg = Release|Any CPU
		{BD05BDE6-9DC5-47EC-B0BD-41BD251D1BBF}.Release|Any CPU.Build.0 = Release|Any CPU
	EndGlobalSection
	GlobalSection(SolutionProperties) = preSolution
		HideSolutionNode = FALSE
	EndGlobalSection
	GlobalSection(ExtensibilityGlobals) = postSolution
		SolutionGuid = {FDFC4236-5EC9-46B5-ACA5-ABF0A803E09C}
	EndGlobalSection
EndGlobal
